PODS:
  - Caishen (1.4.0)
  - CardIO (5.4.1)
  - SnapKit (3.0.2)

DEPENDENCIES:
  - Caishen (from `https://github.com/prolificinteractive/Caishen.git`, branch `swift-3.0`)
  - CardIO
  - SnapKit (~> 3.0.2)

EXTERNAL SOURCES:
  Caishen:
    :branch: swift-3.0
    :git: https://github.com/prolificinteractive/Caishen.git

CHECKOUT OPTIONS:
  Caishen:
    :commit: ef785e6af9f8714e929addbecbdc81192b838052
    :git: https://github.com/prolificinteractive/Caishen.git

SPEC CHECKSUMS:
  Caishen: 1d194378fcb51800e4d3d78cf83ce1c7d72d1e79
  CardIO: 56983b39b62f495fc6dae9ad7cf875143df06443
  SnapKit: 2e456761aa92d4d4067a7a5594c18769d451a8ad

PODFILE CHECKSUM: 158a7a976ee7e34fceb2563b5458d3b32092a4fa

COCOAPODS: 1.0.1
